{
    "_readme": [
        "This file locks the dependencies of your project to a known state",
        "Read more about it at https://getcomposer.org/doc/01-basic-usage.md#installing-dependencies",
        "This file is @generated automatically"
    ],
    "content-hash": "7542cab7e277a295295af661345c4024",
    "packages": [
        {
            "name": "s1lentium/iptools",
            "version": "v1.1.0",
            "source": {
                "type": "git",
                "url": "https://github.com/S1lentium/IPTools.git",
                "reference": "cb4843d4077872643b5d38d18b8591b4aaf605ea"
            },
            "dist": {
                "type": "zip",
                "url": "https://api.github.com/repos/S1lentium/IPTools/zipball/cb4843d4077872643b5d38d18b8591b4aaf605ea",
                "reference": "cb4843d4077872643b5d38d18b8591b4aaf605ea",
                "shasum": ""
            },
            "require": {
                "ext-bcmath": "*",
                "php": ">=5.4.0"
            },
            "require-dev": {
                "satooshi/php-coveralls": "~1.0"
            },
            "type": "library",
            "autoload": {
                "psr-4": {
                    "IPTools\\": "src/"
                }
            },
            "notification-url": "https://packagist.org/downloads/",
            "license": [
                "MIT"
            ],
            "authors": [
                {
                    "name": "Safarov Alisher",
                    "email": "alisher.safarov@outlook.com",
                    "homepage": "https://github.com/S1lentium"
                }
            ],
            "description": "PHP Library for manipulating network addresses (IPv4 and IPv6)",
            "keywords": [
                "IP",
                "IP-Tools",
                "cidr",
                "ipv4",
                "ipv6",
                "network",
                "subnet"
            ],
            "time": "2016-08-21T15:57:09+00:00"
        }
    ],
    "packages-dev": [],
    "aliases": [],
    "minimum-stability": "dev",
    "stability-flags": [],
    "prefer-stable": false,
    "prefer-lowest": false,
    "platform": [],
    "platform-dev": []
}
